// !$*UTF8*$!
{
	archiveVersion = 1;
	classes = {
	};
	objectVersion = 56;
	objects = {

/* Begin PBXBuildFile section */
		1387ED592C40189C00CA82F7 /* AnimalFactsApp.swift in Sources */ = {isa = PBXBuildFile; fileRef = 1387ED582C40189C00CA82F7 /* AnimalFactsApp.swift */; };
		1387ED5B2C40189C00CA82F7 /* AnimalCategoryListView.swift in Sources */ = {isa = PBXBuildFile; fileRef = 1387ED5A2C40189C00CA82F7 /* AnimalCategoryListView.swift */; };
		1387ED5D2C40189D00CA82F7 /* Assets.xcassets in Resources */ = {isa = PBXBuildFile; fileRef = 1387ED5C2C40189D00CA82F7 /* Assets.xcassets */; };
		1387ED612C40189D00CA82F7 /* Preview Assets.xcassets in Resources */ = {isa = PBXBuildFile; fileRef = 1387ED602C40189D00CA82F7 /* Preview Assets.xcassets */; };
		1387ED692C40194100CA82F7 /* ComposableArchitecture in Frameworks */ = {isa = PBXBuildFile; productRef = 1387ED682C40194100CA82F7 /* ComposableArchitecture */; };
		1387ED6C2C4019A700CA82F7 /* RealmSwift in Frameworks */ = {isa = PBXBuildFile; productRef = 1387ED6B2C4019A700CA82F7 /* RealmSwift */; };
		1387ED6E2C40263100CA82F7 /* AnimalFactsController.swift in Sources */ = {isa = PBXBuildFile; fileRef = 1387ED6D2C40263100CA82F7 /* AnimalFactsController.swift */; };
		1387ED712C40266000CA82F7 /* AnimalCategory.swift in Sources */ = {isa = PBXBuildFile; fileRef = 1387ED702C40266000CA82F7 /* AnimalCategory.swift */; };
		1387ED732C40281500CA82F7 /* AnimalCategoryView.swift in Sources */ = {isa = PBXBuildFile; fileRef = 1387ED722C40281500CA82F7 /* AnimalCategoryView.swift */; };
		1387ED762C40284000CA82F7 /* UIDimensions.swift in Sources */ = {isa = PBXBuildFile; fileRef = 1387ED752C40284000CA82F7 /* UIDimensions.swift */; };
		1387ED782C40333900CA82F7 /* AnimalFactView.swift in Sources */ = {isa = PBXBuildFile; fileRef = 1387ED772C40333900CA82F7 /* AnimalFactView.swift */; };
		1387ED7A2C40338C00CA82F7 /* AnimalFactsView.swift in Sources */ = {isa = PBXBuildFile; fileRef = 1387ED792C40338C00CA82F7 /* AnimalFactsView.swift */; };
/* End PBXBuildFile section */

/* Begin PBXFileReference section */
		1387ED552C40189C00CA82F7 /* AnimalFacts.app */ = {isa = PBXFileReference; explicitFileType = wrapper.application; includeInIndex = 0; path = AnimalFacts.app; sourceTree = BUILT_PRODUCTS_DIR; };
		1387ED582C40189C00CA82F7 /* AnimalFactsApp.swift */ = {isa = PBXFileReference; lastKnownFileType = sourcecode.swift; path = AnimalFactsApp.swift; sourceTree = "<group>"; };
		1387ED5A2C40189C00CA82F7 /* AnimalCategoryListView.swift */ = {isa = PBXFileReference; lastKnownFileType = sourcecode.swift; path = AnimalCategoryListView.swift; sourceTree = "<group>"; };
		1387ED5C2C40189D00CA82F7 /* Assets.xcassets */ = {isa = PBXFileReference; lastKnownFileType = folder.assetcatalog; path = Assets.xcassets; sourceTree = "<group>"; };
		1387ED5E2C40189D00CA82F7 /* AnimalFacts.entitlements */ = {isa = PBXFileReference; lastKnownFileType = text.plist.entitlements; path = AnimalFacts.entitlements; sourceTree = "<group>"; };
		1387ED602C40189D00CA82F7 /* Preview Assets.xcassets */ = {isa = PBXFileReference; lastKnownFileType = folder.assetcatalog; path = "Preview Assets.xcassets"; sourceTree = "<group>"; };
		1387ED6D2C40263100CA82F7 /* AnimalFactsController.swift */ = {isa = PBXFileReference; lastKnownFileType = sourcecode.swift; path = AnimalFactsController.swift; sourceTree = "<group>"; };
		1387ED702C40266000CA82F7 /* AnimalCategory.swift */ = {isa = PBXFileReference; lastKnownFileType = sourcecode.swift; path = AnimalCategory.swift; sourceTree = "<group>"; };
		1387ED722C40281500CA82F7 /* AnimalCategoryView.swift */ = {isa = PBXFileReference; lastKnownFileType = sourcecode.swift; path = AnimalCategoryView.swift; sourceTree = "<group>"; };
		1387ED752C40284000CA82F7 /* UIDimensions.swift */ = {isa = PBXFileReference; lastKnownFileType = sourcecode.swift; path = UIDimensions.swift; sourceTree = "<group>"; };
		1387ED772C40333900CA82F7 /* AnimalFactView.swift */ = {isa = PBXFileReference; lastKnownFileType = sourcecode.swift; path = AnimalFactView.swift; sourceTree = "<group>"; };
		1387ED792C40338C00CA82F7 /* AnimalFactsView.swift */ = {isa = PBXFileReference; lastKnownFileType = sourcecode.swift; path = AnimalFactsView.swift; sourceTree = "<group>"; };
/* End PBXFileReference section */

/* Begin PBXFrameworksBuildPhase section */
		1387ED522C40189C00CA82F7 /* Frameworks */ = {
			isa = PBXFrameworksBuildPhase;
			buildActionMask = 2147483647;
			files = (
				1387ED6C2C4019A700CA82F7 /* RealmSwift in Frameworks */,
				1387ED692C40194100CA82F7 /* ComposableArchitecture in Frameworks */,
			);
			runOnlyForDeploymentPostprocessing = 0;
		};
/* End PBXFrameworksBuildPhase section */

/* Begin PBXGroup section */
		1387ED4C2C40189C00CA82F7 = {
			isa = PBXGroup;
			children = (
				1387ED572C40189C00CA82F7 /* AnimalFacts */,
				1387ED562C40189C00CA82F7 /* Products */,
			);
			sourceTree = "<group>";
		};
		1387ED562C40189C00CA82F7 /* Products */ = {
			isa = PBXGroup;
			children = (
				1387ED552C40189C00CA82F7 /* AnimalFacts.app */,
			);
			name = Products;
			sourceTree = "<group>";
		};
		1387ED572C40189C00CA82F7 /* AnimalFacts */ = {
			isa = PBXGroup;
			children = (
				1387ED582C40189C00CA82F7 /* AnimalFactsApp.swift */,
				1387ED6D2C40263100CA82F7 /* AnimalFactsController.swift */,
				1387ED5A2C40189C00CA82F7 /* AnimalCategoryListView.swift */,
				1387ED722C40281500CA82F7 /* AnimalCategoryView.swift */,
				1387ED792C40338C00CA82F7 /* AnimalFactsView.swift */,
				1387ED772C40333900CA82F7 /* AnimalFactView.swift */,
				1387ED742C40282600CA82F7 /* Common */,
				1387ED6F2C40264600CA82F7 /* Models */,
				1387ED5C2C40189D00CA82F7 /* Assets.xcassets */,
				1387ED5E2C40189D00CA82F7 /* AnimalFacts.entitlements */,
				1387ED5F2C40189D00CA82F7 /* Preview Content */,
			);
			path = AnimalFacts;
			sourceTree = "<group>";
		};
		1387ED5F2C40189D00CA82F7 /* Preview Content */ = {
			isa = PBXGroup;
			children = (
				1387ED602C40189D00CA82F7 /* Preview Assets.xcassets */,
			);
			path = "Preview Content";
			sourceTree = "<group>";
		};
		1387ED6F2C40264600CA82F7 /* Models */ = {
			isa = PBXGroup;
			children = (
				1387ED702C40266000CA82F7 /* AnimalCategory.swift */,
			);
			path = Models;
			sourceTree = "<group>";
		};
		1387ED742C40282600CA82F7 /* Common */ = {
			isa = PBXGroup;
			children = (
				1387ED752C40284000CA82F7 /* UIDimensions.swift */,
			);
			path = Common;
			sourceTree = "<group>";
		};
/* End PBXGroup section */

/* Begin PBXNativeTarget section */
		1387ED542C40189C00CA82F7 /* AnimalFacts */ = {
			isa = PBXNativeTarget;
			buildConfigurationList = 1387ED642C40189D00CA82F7 /* Build configuration list for PBXNativeTarget "AnimalFacts" */;
			buildPhases = (
				1387ED512C40189C00CA82F7 /* Sources */,
				1387ED522C40189C00CA82F7 /* Frameworks */,
				1387ED532C40189C00CA82F7 /* Resources */,
			);
			buildRules = (
			);
			dependencies = (
			);
			name = AnimalFacts;
			packageProductDependencies = (
				1387ED682C40194100CA82F7 /* ComposableArchitecture */,
				1387ED6B2C4019A700CA82F7 /* RealmSwift */,
			);
			productName = AnimalFacts;
			productReference = 1387ED552C40189C00CA82F7 /* AnimalFacts.app */;
			productType = "com.apple.product-type.application";
		};
/* End PBXNativeTarget section */

/* Begin PBXProject section */
		1387ED4D2C40189C00CA82F7 /* Project object */ = {
			isa = PBXProject;
			attributes = {
				BuildIndependentTargetsInParallel = 1;
				LastSwiftUpdateCheck = 1540;
				LastUpgradeCheck = 1540;
				TargetAttributes = {
					1387ED542C40189C00CA82F7 = {
						CreatedOnToolsVersion = 15.4;
					};
				};
			};
			buildConfigurationList = 1387ED502C40189C00CA82F7 /* Build configuration list for PBXProject "AnimalFacts" */;
			compatibilityVersion = "Xcode 14.0";
			developmentRegion = en;
			hasScannedForEncodings = 0;
			knownRegions = (
				en,
				Base,
			);
			mainGroup = 1387ED4C2C40189C00CA82F7;
			packageReferences = (
				1387ED672C40194100CA82F7 /* XCRemoteSwiftPackageReference "swift-composable-architecture" */,
				1387ED6A2C4019A700CA82F7 /* XCRemoteSwiftPackageReference "realm-swift" */,
			);
			productRefGroup = 1387ED562C40189C00CA82F7 /* Products */;
			projectDirPath = "";
			projectRoot = "";
			targets = (
				1387ED542C40189C00CA82F7 /* AnimalFacts */,
			);
		};
/* End PBXProject section */

/* Begin PBXResourcesBuildPhase section */
		1387ED532C40189C00CA82F7 /* Resources */ = {
			isa = PBXResourcesBuildPhase;
			buildActionMask = 2147483647;
			files = (
				1387ED612C40189D00CA82F7 /* Preview Assets.xcassets in Resources */,
				1387ED5D2C40189D00CA82F7 /* Assets.xcassets in Resources */,
			);
			runOnlyForDeploymentPostprocessing = 0;
		};
/* End PBXResourcesBuildPhase section */

/* Begin PBXSourcesBuildPhase section */
		1387ED512C40189C00CA82F7 /* Sources */ = {
			isa = PBXSourcesBuildPhase;
			buildActionMask = 2147483647;
			files = (
				1387ED732C40281500CA82F7 /* AnimalCategoryView.swift in Sources */,
				1387ED5B2C40189C00CA82F7 /* AnimalCategoryListView.swift in Sources */,
				1387ED762C40284000CA82F7 /* UIDimensions.swift in Sources */,
				1387ED782C40333900CA82F7 /* AnimalFactView.swift in Sources */,
				1387ED592C40189C00CA82F7 /* AnimalFactsApp.swift in Sources */,
				1387ED6E2C40263100CA82F7 /* AnimalFactsController.swift in Sources */,
				1387ED7A2C40338C00CA82F7 /* AnimalFactsView.swift in Sources */,
				1387ED712C40266000CA82F7 /* AnimalCategory.swift in Sources */,
			);
			runOnlyForDeploymentPostprocessing = 0;
		};
/* End PBXSourcesBuildPhase section */

/* Begin XCBuildConfiguration section */
		1387ED622C40189D00CA82F7 /* Debug */ = {
			isa = XCBuildConfiguration;
			buildSettings = {
				ALWAYS_SEARCH_USER_PATHS = NO;
				ASSETCATALOG_COMPILER_GENERATE_SWIFT_ASSET_SYMBOL_EXTENSIONS = YES;
				CLANG_ANALYZER_NONNULL = YES;
				CLANG_ANALYZER_NUMBER_OBJECT_CONVERSION = YES_AGGRESSIVE;
				CLANG_CXX_LANGUAGE_STANDARD = "gnu++20";
				CLANG_ENABLE_MODULES = YES;
				CLANG_ENABLE_OBJC_ARC = YES;
				CLANG_ENABLE_OBJC_WEAK = YES;
				CLANG_WARN_BLOCK_CAPTURE_AUTORELEASING = YES;
				CLANG_WARN_BOOL_CONVERSION = YES;
				CLANG_WARN_COMMA = YES;
				CLANG_WARN_CONSTANT_CONVERSION = YES;
				CLANG_WARN_DEPRECATED_OBJC_IMPLEMENTATIONS = YES;
				CLANG_WARN_DIRECT_OBJC_ISA_USAGE = YES_ERROR;
				CLANG_WARN_DOCUMENTATION_COMMENTS = YES;
				CLANG_WARN_EMPTY_BODY = YES;
				CLANG_WARN_ENUM_CONVERSION = YES;
				CLANG_WARN_INFINITE_RECURSION = YES;
				CLANG_WARN_INT_CONVERSION = YES;
				CLANG_WARN_NON_LITERAL_NULL_CONVERSION = YES;
				CLANG_WARN_OBJC_IMPLICIT_RETAIN_SELF = YES;
				CLANG_WARN_OBJC_LITERAL_CONVERSION = YES;
				CLANG_WARN_OBJC_ROOT_CLASS = YES_ERROR;
				CLANG_WARN_QUOTED_INCLUDE_IN_FRAMEWORK_HEADER = YES;
				CLANG_WARN_RANGE_LOOP_ANALYSIS = YES;
				CLANG_WARN_STRICT_PROTOTYPES = YES;
				CLANG_WARN_SUSPICIOUS_MOVE = YES;
				CLANG_WARN_UNGUARDED_AVAILABILITY = YES_AGGRESSIVE;
				CLANG_WARN_UNREACHABLE_CODE = YES;
				CLANG_WARN__DUPLICATE_METHOD_MATCH = YES;
				COPY_PHASE_STRIP = NO;
				DEBUG_INFORMATION_FORMAT = dwarf;
				ENABLE_STRICT_OBJC_MSGSEND = YES;
				ENABLE_TESTABILITY = YES;
				ENABLE_USER_SCRIPT_SANDBOXING = YES;
				GCC_C_LANGUAGE_STANDARD = gnu17;
				GCC_DYNAMIC_NO_PIC = NO;
				GCC_NO_COMMON_BLOCKS = YES;
				GCC_OPTIMIZATION_LEVEL = 0;
				GCC_PREPROCESSOR_DEFINITIONS = (
					"DEBUG=1",
					"$(inherited)",
				);
				GCC_WARN_64_TO_32_BIT_CONVERSION = YES;
				GCC_WARN_ABOUT_RETURN_TYPE = YES_ERROR;
				GCC_WARN_UNDECLARED_SELECTOR = YES;
				GCC_WARN_UNINITIALIZED_AUTOS = YES_AGGRESSIVE;
				GCC_WARN_UNUSED_FUNCTION = YES;
				GCC_WARN_UNUSED_VARIABLE = YES;
				LOCALIZATION_PREFERS_STRING_CATALOGS = YES;
				MTL_ENABLE_DEBUG_INFO = INCLUDE_SOURCE;
				MTL_FAST_MATH = YES;
				ONLY_ACTIVE_ARCH = YES;
				SWIFT_ACTIVE_COMPILATION_CONDITIONS = "DEBUG $(inherited)";
				SWIFT_OPTIMIZATION_LEVEL = "-Onone";
			};
			name = Debug;
		};
		1387ED632C40189D00CA82F7 /* Release */ = {
			isa = XCBuildConfiguration;
			buildSettings = {
				ALWAYS_SEARCH_USER_PATHS = NO;
				ASSETCATALOG_COMPILER_GENERATE_SWIFT_ASSET_SYMBOL_EXTENSIONS = YES;
				CLANG_ANALYZER_NONNULL = YES;
				CLANG_ANALYZER_NUMBER_OBJECT_CONVERSION = YES_AGGRESSIVE;
				CLANG_CXX_LANGUAGE_STANDARD = "gnu++20";
				CLANG_ENABLE_MODULES = YES;
				CLANG_ENABLE_OBJC_ARC = YES;
				CLANG_ENABLE_OBJC_WEAK = YES;
				CLANG_WARN_BLOCK_CAPTURE_AUTORELEASING = YES;
				CLANG_WARN_BOOL_CONVERSION = YES;
				CLANG_WARN_COMMA = YES;
				CLANG_WARN_CONSTANT_CONVERSION = YES;
				CLANG_WARN_DEPRECATED_OBJC_IMPLEMENTATIONS = YES;
				CLANG_WARN_DIRECT_OBJC_ISA_USAGE = YES_ERROR;
				CLANG_WARN_DOCUMENTATION_COMMENTS = YES;
				CLANG_WARN_EMPTY_BODY = YES;
				CLANG_WARN_ENUM_CONVERSION = YES;
				CLANG_WARN_INFINITE_RECURSION = YES;
				CLANG_WARN_INT_CONVERSION = YES;
				CLANG_WARN_NON_LITERAL_NULL_CONVERSION = YES;
				CLANG_WARN_OBJC_IMPLICIT_RETAIN_SELF = YES;
				CLANG_WARN_OBJC_LITERAL_CONVERSION = YES;
				CLANG_WARN_OBJC_ROOT_CLASS = YES_ERROR;
				CLANG_WARN_QUOTED_INCLUDE_IN_FRAMEWORK_HEADER = YES;
				CLANG_WARN_RANGE_LOOP_ANALYSIS = YES;
				CLANG_WARN_STRICT_PROTOTYPES = YES;
				CLANG_WARN_SUSPICIOUS_MOVE = YES;
				CLANG_WARN_UNGUARDED_AVAILABILITY = YES_AGGRESSIVE;
				CLANG_WARN_UNREACHABLE_CODE = YES;
				CLANG_WARN__DUPLICATE_METHOD_MATCH = YES;
				COPY_PHASE_STRIP = NO;
				DEBUG_INFORMATION_FORMAT = "dwarf-with-dsym";
				ENABLE_NS_ASSERTIONS = NO;
				ENABLE_STRICT_OBJC_MSGSEND = YES;
				ENABLE_USER_SCRIPT_SANDBOXING = YES;
				GCC_C_LANGUAGE_STANDARD = gnu17;
				GCC_NO_COMMON_BLOCKS = YES;
				GCC_WARN_64_TO_32_BIT_CONVERSION = YES;
				GCC_WARN_ABOUT_RETURN_TYPE = YES_ERROR;
				GCC_WARN_UNDECLARED_SELECTOR = YES;
				GCC_WARN_UNINITIALIZED_AUTOS = YES_AGGRESSIVE;
				GCC_WARN_UNUSED_FUNCTION = YES;
				GCC_WARN_UNUSED_VARIABLE = YES;
				LOCALIZATION_PREFERS_STRING_CATALOGS = YES;
				MTL_ENABLE_DEBUG_INFO = NO;
				MTL_FAST_MATH = YES;
				SWIFT_COMPILATION_MODE = wholemodule;
			};
			name = Release;
		};
		1387ED652C40189D00CA82F7 /* Debug */ = {
			isa = XCBuildConfiguration;
			buildSettings = {
				ASSETCATALOG_COMPILER_APPICON_NAME = AppIcon;
				ASSETCATALOG_COMPILER_GLOBAL_ACCENT_COLOR_NAME = AccentColor;
				CODE_SIGN_ENTITLEMENTS = AnimalFacts/AnimalFacts.entitlements;
				CODE_SIGN_STYLE = Automatic;
				CURRENT_PROJECT_VERSION = 1;
				DEVELOPMENT_ASSET_PATHS = "\"AnimalFacts/Preview Content\"";
				DEVELOPMENT_TEAM = 9TA585T553;
				ENABLE_HARDENED_RUNTIME = YES;
				ENABLE_PREVIEWS = YES;
				GENERATE_INFOPLIST_FILE = YES;
				"INFOPLIST_KEY_UIApplicationSceneManifest_Generation[sdk=iphoneos*]" = YES;
				"INFOPLIST_KEY_UIApplicationSceneManifest_Generation[sdk=iphonesimulator*]" = YES;
				"INFOPLIST_KEY_UIApplicationSupportsIndirectInputEvents[sdk=iphoneos*]" = YES;
				"INFOPLIST_KEY_UIApplicationSupportsIndirectInputEvents[sdk=iphonesimulator*]" = YES;
				"INFOPLIST_KEY_UILaunchScreen_Generation[sdk=iphoneos*]" = YES;
				"INFOPLIST_KEY_UILaunchScreen_Generation[sdk=iphonesimulator*]" = YES;
				"INFOPLIST_KEY_UIStatusBarStyle[sdk=iphoneos*]" = UIStatusBarStyleDefault;
				"INFOPLIST_KEY_UIStatusBarStyle[sdk=iphonesimulator*]" = UIStatusBarStyleDefault;
				INFOPLIST_KEY_UISupportedInterfaceOrientations_iPad = "UIInterfaceOrientationPortrait UIInterfaceOrientationPortraitUpsideDown UIInterfaceOrientationLandscapeLeft UIInterfaceOrientationLandscapeRight";
				INFOPLIST_KEY_UISupportedInterfaceOrientations_iPhone = "UIInterfaceOrientationPortrait UIInterfaceOrientationLandscapeLeft UIInterfaceOrientationLandscapeRight";
				IPHONEOS_DEPLOYMENT_TARGET = 16.0;
				LD_RUNPATH_SEARCH_PATHS = "@executable_path/Frameworks";
				"LD_RUNPATH_SEARCH_PATHS[sdk=macosx*]" = "@executable_path/../Frameworks";
				MACOSX_DEPLOYMENT_TARGET = 14.5;
				MARKETING_VERSION = 1.0;
				PRODUCT_BUNDLE_IDENTIFIER = horizon.AnimalFacts;
				PRODUCT_NAME = "$(TARGET_NAME)";
				SDKROOT = auto;
				SUPPORTED_PLATFORMS = "iphoneos iphonesimulator macosx";
				SWIFT_EMIT_LOC_STRINGS = YES;
				SWIFT_VERSION = 5.0;
				TARGETED_DEVICE_FAMILY = "1,2";
			};
			name = Debug;
		};
		1387ED662C40189D00CA82F7 /* Release */ = {
			isa = XCBuildConfiguration;
			buildSettings = {
				ASSETCATALOG_COMPILER_APPICON_NAME = AppIcon;
				ASSETCATALOG_COMPILER_GLOBAL_ACCENT_COLOR_NAME = AccentColor;
				CODE_SIGN_ENTITLEMENTS = AnimalFacts/AnimalFacts.entitlements;
				CODE_SIGN_STYLE = Automatic;
				CURRENT_PROJECT_VERSION = 1;
				DEVELOPMENT_ASSET_PATHS = "\"AnimalFacts/Preview Content\"";
				DEVELOPMENT_TEAM = 9TA585T553;
				ENABLE_HARDENED_RUNTIME = YES;
				ENABLE_PREVIEWS = YES;
				GENERATE_INFOPLIST_FILE = YES;
				"INFOPLIST_KEY_UIApplicationSceneManifest_Generation[sdk=iphoneos*]" = YES;
				"INFOPLIST_KEY_UIApplicationSceneManifest_Generation[sdk=iphonesimulator*]" = YES;
				"INFOPLIST_KEY_UIApplicationSupportsIndirectInputEvents[sdk=iphoneos*]" = YES;
				"INFOPLIST_KEY_UIApplicationSupportsIndirectInputEvents[sdk=iphonesimulator*]" = YES;
				"INFOPLIST_KEY_UILaunchScreen_Generation[sdk=iphoneos*]" = YES;
				"INFOPLIST_KEY_UILaunchScreen_Generation[sdk=iphonesimulator*]" = YES;
				"INFOPLIST_KEY_UIStatusBarStyle[sdk=iphoneos*]" = UIStatusBarStyleDefault;
				"INFOPLIST_KEY_UIStatusBarStyle[sdk=iphonesimulator*]" = UIStatusBarStyleDefault;
				INFOPLIST_KEY_UISupportedInterfaceOrientations_iPad = "UIInterfaceOrientationPortrait UIInterfaceOrientationPortraitUpsideDown UIInterfaceOrientationLandscapeLeft UIInterfaceOrientationLandscapeRight";
				INFOPLIST_KEY_UISupportedInterfaceOrientations_iPhone = "UIInterfaceOrientationPortrait UIInterfaceOrientationLandscapeLeft UIInterfaceOrientationLandscapeRight";
				IPHONEOS_DEPLOYMENT_TARGET = 16.0;
				LD_RUNPATH_SEARCH_PATHS = "@executable_path/Frameworks";
				"LD_RUNPATH_SEARCH_PATHS[sdk=macosx*]" = "@executable_path/../Frameworks";
				MACOSX_DEPLOYMENT_TARGET = 14.5;
				MARKETING_VERSION = 1.0;
				PRODUCT_BUNDLE_IDENTIFIER = horizon.AnimalFacts;
				PRODUCT_NAME = "$(TARGET_NAME)";
				SDKROOT = auto;
				SUPPORTED_PLATFORMS = "iphoneos iphonesimulator macosx";
				SWIFT_EMIT_LOC_STRINGS = YES;
				SWIFT_VERSION = 5.0;
				TARGETED_DEVICE_FAMILY = "1,2";
			};
			name = Release;
		};
/* End XCBuildConfiguration section */

/* Begin XCConfigurationList section */
		1387ED502C40189C00CA82F7 /* Build configuration list for PBXProject "AnimalFacts" */ = {
			isa = XCConfigurationList;
			buildConfigurations = (
				1387ED622C40189D00CA82F7 /* Debug */,
				1387ED632C40189D00CA82F7 /* Release */,
			);
			defaultConfigurationIsVisible = 0;
			defaultConfigurationName = Release;
		};
		1387ED642C40189D00CA82F7 /* Build configuration list for PBXNativeTarget "AnimalFacts" */ = {
			isa = XCConfigurationList;
			buildConfigurations = (
				1387ED652C40189D00CA82F7 /* Debug */,
				1387ED662C40189D00CA82F7 /* Release */,
			);
			defaultConfigurationIsVisible = 0;
			defaultConfigurationName = Release;
		};
/* End XCConfigurationList section */

/* Begin XCRemoteSwiftPackageReference section */
		1387ED672C40194100CA82F7 /* XCRemoteSwiftPackageReference "swift-composable-architecture" */ = {
			isa = XCRemoteSwiftPackageReference;
			repositoryURL = "https://github.com/pointfreeco/swift-composable-architecture";
			requirement = {
				kind = upToNextMajorVersion;
				minimumVersion = 1.11.2;
			};
		};
		1387ED6A2C4019A700CA82F7 /* XCRemoteSwiftPackageReference "realm-swift" */ = {
			isa = XCRemoteSwiftPackageReference;
			repositoryURL = "https://github.com/realm/realm-swift.git";
			requirement = {
				kind = upToNextMajorVersion;
				minimumVersion = 10.52.1;
			};
		};
/* End XCRemoteSwiftPackageReference section */

/* Begin XCSwiftPackageProductDependency section */
		1387ED682C40194100CA82F7 /* ComposableArchitecture */ = {
			isa = XCSwiftPackageProductDependency;
			package = 1387ED672C40194100CA82F7 /* XCRemoteSwiftPackageReference "swift-composable-architecture" */;
			productName = ComposableArchitecture;
		};
		1387ED6B2C4019A700CA82F7 /* RealmSwift */ = {
			isa = XCSwiftPackageProductDependency;
			package = 1387ED6A2C4019A700CA82F7 /* XCRemoteSwiftPackageReference "realm-swift" */;
			productName = RealmSwift;
		};
/* End XCSwiftPackageProductDependency section */
	};
	rootObject = 1387ED4D2C40189C00CA82F7 /* Project object */;
}
